
Microsoft Visual Studio Solution File, Format Version 12.00
# Visual Studio Version 17
VisualStudioVersion = 17.13.35818.85 d17.13
MinimumVisualStudioVersion = 10.0.40219.1
Project("{FAE04EC0-301F-11D3-BF4B-00C04F79EFBC}") = "Proyecto_GoShopping", "Proyecto_GoShopping.csproj", "{5851DEDB-D220-4313-805E-994041384F4B}"
EndProject
Global
	GlobalSection(SolutionConfigurationPlatforms) = preSolution
		Debug|Any CPU = Debug|Any CPU
		Release|Any CPU = Release|Any CPU
	EndGlobalSection
	GlobalSection(ProjectConfigurationPlatforms) = postSolution
		{5851DEDB-D220-4313-805E-994041384F4B}.Debug|Any CPU.ActiveCfg = Debug|Any CPU
		{5851DEDB-D220-4313-805E-994041384F4B}.Debug|Any CPU.Build.0 = Debug|Any CPU
		{5851DEDB-D220-4313-805E-994041384F4B}.Release|Any CPU.ActiveCfg = Release|Any CPU
		{5851DEDB-D220-4313-805E-994041384F4B}.Release|Any CPU.Build.0 = Release|Any CPU
	EndGlobalSection
	GlobalSection(SolutionProperties) = preSolution
		HideSolutionNode = FALSE
	EndGlobalSection
	GlobalSection(ExtensibilityGlobals) = postSolution
		SolutionGuid = {96B8C65F-260C-4B8D-BD82-850508211394}
	EndGlobalSection
EndGlobal
